
Microsoft Visual Studio Solution File, Format Version 12.00
# Visual Studio Version 17
VisualStudioVersion = 17.3.32929.385
MinimumVisualStudioVersion = 10.0.40219.1
Project("{9A19103F-16F7-4668-BE54-9A1E7A4F7556}") = "MysqlApi", "MysqlApi\MysqlApi.csproj", "{36C220E2-DEEE-4345-9056-87A3AB04E7C7}"
EndProject
Project("{9A19103F-16F7-4668-BE54-9A1E7A4F7556}") = "MysqlApiLibrary", "MysqlApiLibrary\MysqlApiLibrary.csproj", "{D20E93EB-F07C-4016-AC41-64E99509B11F}"
EndProject
Project("{9A19103F-16F7-4668-BE54-9A1E7A4F7556}") = "GSIA", "GSIA\GSIA.csproj", "{3586852A-2124-4214-812F-D1CA3959E725}"
EndProject
Project("{9A19103F-16F7-4668-BE54-9A1E7A4F7556}") = "LibraryMySql", "LibraryMySql\LibraryMySql.csproj", "{5A27106D-F691-4E08-BFE2-1FA8F3142542}"
EndProject
Project("{9A19103F-16F7-4668-BE54-9A1E7A4F7556}") = "GsiaLibrary", "GsiaLibrary\GsiaLibrary.csproj", "{447D237E-05A3-4898-8527-82AD42716436}"
EndProject
Project("{FAE04EC0-301F-11D3-BF4B-00C04F79EFBC}") = "MysqlMvc", "MysqlMvc\MysqlMvc.csproj", "{3B58CB59-2BB8-4421-A5F1-32634F680AD2}"
EndProject
Project("{FAE04EC0-301F-11D3-BF4B-00C04F79EFBC}") = "MysqlMvcLibrary", "MysqlMvcLibrary\MysqlMvcLibrary.csproj", "{C0E2603F-9F35-4C1A-A086-887861567CA2}"
EndProject
Global
	GlobalSection(SolutionConfigurationPlatforms) = preSolution
		Debug|Any CPU = Debug|Any CPU
		Release|Any CPU = Release|Any CPU
	EndGlobalSection
	GlobalSection(ProjectConfigurationPlatforms) = postSolution
		{36C220E2-DEEE-4345-9056-87A3AB04E7C7}.Debug|Any CPU.ActiveCfg = Debug|Any CPU
		{36C220E2-DEEE-4345-9056-87A3AB04E7C7}.Debug|Any CPU.Build.0 = Debug|Any CPU
		{36C220E2-DEEE-4345-9056-87A3AB04E7C7}.Release|Any CPU.ActiveCfg = Release|Any CPU
		{36C220E2-DEEE-4345-9056-87A3AB04E7C7}.Release|Any CPU.Build.0 = Release|Any CPU
		{D20E93EB-F07C-4016-AC41-64E99509B11F}.Debug|Any CPU.ActiveCfg = Debug|Any CPU
		{D20E93EB-F07C-4016-AC41-64E99509B11F}.Debug|Any CPU.Build.0 = Debug|Any CPU
		{D20E93EB-F07C-4016-AC41-64E99509B11F}.Release|Any CPU.ActiveCfg = Release|Any CPU
		{D20E93EB-F07C-4016-AC41-64E99509B11F}.Release|Any CPU.Build.0 = Release|Any CPU
		{3586852A-2124-4214-812F-D1CA3959E725}.Debug|Any CPU.ActiveCfg = Debug|Any CPU
		{3586852A-2124-4214-812F-D1CA3959E725}.Debug|Any CPU.Build.0 = Debug|Any CPU
		{3586852A-2124-4214-812F-D1CA3959E725}.Release|Any CPU.ActiveCfg = Release|Any CPU
		{3586852A-2124-4214-812F-D1CA3959E725}.Release|Any CPU.Build.0 = Release|Any CPU
		{5A27106D-F691-4E08-BFE2-1FA8F3142542}.Debug|Any CPU.ActiveCfg = Debug|Any CPU
		{5A27106D-F691-4E08-BFE2-1FA8F3142542}.Debug|Any CPU.Build.0 = Debug|Any CPU
		{5A27106D-F691-4E08-BFE2-1FA8F3142542}.Release|Any CPU.ActiveCfg = Release|Any CPU
		{5A27106D-F691-4E08-BFE2-1FA8F3142542}.Release|Any CPU.Build.0 = Release|Any CPU
		{447D237E-05A3-4898-8527-82AD42716436}.Debug|Any CPU.ActiveCfg = Debug|Any CPU
		{447D237E-05A3-4898-8527-82AD42716436}.Debug|Any CPU.Build.0 = Debug|Any CPU
		{447D237E-05A3-4898-8527-82AD42716436}.Release|Any CPU.ActiveCfg = Release|Any CPU
		{447D237E-05A3-4898-8527-82AD42716436}.Release|Any CPU.Build.0 = Release|Any CPU
		{3B58CB59-2BB8-4421-A5F1-32634F680AD2}.Debug|Any CPU.ActiveCfg = Debug|Any CPU
		{3B58CB59-2BB8-4421-A5F1-32634F680AD2}.Debug|Any CPU.Build.0 = Debug|Any CPU
		{3B58CB59-2BB8-4421-A5F1-32634F680AD2}.Release|Any CPU.ActiveCfg = Release|Any CPU
		{3B58CB59-2BB8-4421-A5F1-32634F680AD2}.Release|Any CPU.Build.0 = Release|Any CPU
		{C0E2603F-9F35-4C1A-A086-887861567CA2}.Debug|Any CPU.ActiveCfg = Debug|Any CPU
		{C0E2603F-9F35-4C1A-A086-887861567CA2}.Debug|Any CPU.Build.0 = Debug|Any CPU
		{C0E2603F-9F35-4C1A-A086-887861567CA2}.Release|Any CPU.ActiveCfg = Release|Any CPU
		{C0E2603F-9F35-4C1A-A086-887861567CA2}.Release|Any CPU.Build.0 = Release|Any CPU
	EndGlobalSection
	GlobalSection(SolutionProperties) = preSolution
		HideSolutionNode = FALSE
	EndGlobalSection
	GlobalSection(ExtensibilityGlobals) = postSolution
		SolutionGuid = {A07EEA01-1033-4169-A95F-2202E08475BF}
	EndGlobalSection
EndGlobal
